
Microsoft Visual Studio Solution File, Format Version 12.00
# Visual Studio 15
VisualStudioVersion = 15.0.27703.2035
MinimumVisualStudioVersion = 10.0.40219.1
Project("{FAE04EC0-301F-11D3-BF4B-00C04F79EFBC}") = "SimpleEventSourcing", "SimpleEventSourcing\SimpleEventSourcing.csproj", "{79FF39A6-846F-43D5-A4C4-6FC6F556D7E2}"
EndProject
Project("{FAE04EC0-301F-11D3-BF4B-00C04F79EFBC}") = "SimpleEventSourcing.Samples", "..\SimpleEventSourcing.Samples\SimpleEventSourcing.Samples.csproj", "{504F73D9-8CF9-4277-B977-2379233EABAB}"
EndProject
Global
	GlobalSection(SolutionConfigurationPlatforms) = preSolution
		Debug|Any CPU = Debug|Any CPU
		Release|Any CPU = Release|Any CPU
	EndGlobalSection
	GlobalSection(ProjectConfigurationPlatforms) = postSolution
		{79FF39A6-846F-43D5-A4C4-6FC6F556D7E2}.Debug|Any CPU.ActiveCfg = Debug|Any CPU
		{79FF39A6-846F-43D5-A4C4-6FC6F556D7E2}.Debug|Any CPU.Build.0 = Debug|Any CPU
		{79FF39A6-846F-43D5-A4C4-6FC6F556D7E2}.Release|Any CPU.ActiveCfg = Release|Any CPU
		{79FF39A6-846F-43D5-A4C4-6FC6F556D7E2}.Release|Any CPU.Build.0 = Release|Any CPU
		{504F73D9-8CF9-4277-B977-2379233EABAB}.Debug|Any CPU.ActiveCfg = Debug|Any CPU
		{504F73D9-8CF9-4277-B977-2379233EABAB}.Debug|Any CPU.Build.0 = Debug|Any CPU
		{504F73D9-8CF9-4277-B977-2379233EABAB}.Release|Any CPU.ActiveCfg = Release|Any CPU
		{504F73D9-8CF9-4277-B977-2379233EABAB}.Release|Any CPU.Build.0 = Release|Any CPU
	EndGlobalSection
	GlobalSection(SolutionProperties) = preSolution
		HideSolutionNode = FALSE
	EndGlobalSection
	GlobalSection(ExtensibilityGlobals) = postSolution
		SolutionGuid = {23EAD2F7-63C4-4362-8C89-C93E92CEE47A}
	EndGlobalSection
EndGlobal
